
Microsoft Visual Studio Solution File, Format Version 12.00
Project("{FAE04EC0-301F-11D3-BF4B-00C04F79EFBC}") = "Day00", "Day00\Day00.csproj", "{CA396679-F0B1-47BE-A297-9A35FA456665}"
EndProject
Project("{FAE04EC0-301F-11D3-BF4B-00C04F79EFBC}") = "Day02", "Day02\Day02.csproj", "{333F07F2-5D0D-4ED6-B023-AC024BC24B97}"
EndProject
Project("{FAE04EC0-301F-11D3-BF4B-00C04F79EFBC}") = "Day03", "Day03\Day03.csproj", "{98A3A244-49A0-4294-AD2B-5BC1E852970C}"
EndProject
Project("{FAE04EC0-301F-11D3-BF4B-00C04F79EFBC}") = "Day04", "Day04\Day04.csproj", "{7B168DE7-DFEE-4D8E-BC27-4ABAAFC8492E}"
EndProject
Project("{FAE04EC0-301F-11D3-BF4B-00C04F79EFBC}") = "Day05", "Day05\Day05.csproj", "{D16FC56C-23FC-485E-BC3C-0A5FFEECCDE1}"
EndProject
Project("{FAE04EC0-301F-11D3-BF4B-00C04F79EFBC}") = "Day06", "Day06\Day06.csproj", "{B0ED4C83-B5D0-4956-935A-1E75C4388A3C}"
EndProject
Project("{FAE04EC0-301F-11D3-BF4B-00C04F79EFBC}") = "Day07", "Day07\Day07.csproj", "{474B81D8-63F4-418A-B23E-FD9301990EE4}"
EndProject
Project("{FAE04EC0-301F-11D3-BF4B-00C04F79EFBC}") = "Day08", "Day08\Day08.csproj", "{6D05F3C8-858B-45B7-AD43-A64CCE7961C6}"
EndProject
Global
	GlobalSection(SolutionConfigurationPlatforms) = preSolution
		Debug|Any CPU = Debug|Any CPU
		Release|Any CPU = Release|Any CPU
	EndGlobalSection
	GlobalSection(ProjectConfigurationPlatforms) = postSolution
		{CA396679-F0B1-47BE-A297-9A35FA456665}.Debug|Any CPU.ActiveCfg = Debug|Any CPU
		{CA396679-F0B1-47BE-A297-9A35FA456665}.Debug|Any CPU.Build.0 = Debug|Any CPU
		{CA396679-F0B1-47BE-A297-9A35FA456665}.Release|Any CPU.ActiveCfg = Release|Any CPU
		{CA396679-F0B1-47BE-A297-9A35FA456665}.Release|Any CPU.Build.0 = Release|Any CPU
		{333F07F2-5D0D-4ED6-B023-AC024BC24B97}.Debug|Any CPU.ActiveCfg = Debug|Any CPU
		{333F07F2-5D0D-4ED6-B023-AC024BC24B97}.Debug|Any CPU.Build.0 = Debug|Any CPU
		{333F07F2-5D0D-4ED6-B023-AC024BC24B97}.Release|Any CPU.ActiveCfg = Release|Any CPU
		{333F07F2-5D0D-4ED6-B023-AC024BC24B97}.Release|Any CPU.Build.0 = Release|Any CPU
		{98A3A244-49A0-4294-AD2B-5BC1E852970C}.Debug|Any CPU.ActiveCfg = Debug|Any CPU
		{98A3A244-49A0-4294-AD2B-5BC1E852970C}.Debug|Any CPU.Build.0 = Debug|Any CPU
		{98A3A244-49A0-4294-AD2B-5BC1E852970C}.Release|Any CPU.ActiveCfg = Release|Any CPU
		{98A3A244-49A0-4294-AD2B-5BC1E852970C}.Release|Any CPU.Build.0 = Release|Any CPU
		{7B168DE7-DFEE-4D8E-BC27-4ABAAFC8492E}.Debug|Any CPU.ActiveCfg = Debug|Any CPU
		{7B168DE7-DFEE-4D8E-BC27-4ABAAFC8492E}.Debug|Any CPU.Build.0 = Debug|Any CPU
		{7B168DE7-DFEE-4D8E-BC27-4ABAAFC8492E}.Release|Any CPU.ActiveCfg = Release|Any CPU
		{7B168DE7-DFEE-4D8E-BC27-4ABAAFC8492E}.Release|Any CPU.Build.0 = Release|Any CPU
		{D16FC56C-23FC-485E-BC3C-0A5FFEECCDE1}.Debug|Any CPU.ActiveCfg = Debug|Any CPU
		{D16FC56C-23FC-485E-BC3C-0A5FFEECCDE1}.Debug|Any CPU.Build.0 = Debug|Any CPU
		{D16FC56C-23FC-485E-BC3C-0A5FFEECCDE1}.Release|Any CPU.ActiveCfg = Release|Any CPU
		{D16FC56C-23FC-485E-BC3C-0A5FFEECCDE1}.Release|Any CPU.Build.0 = Release|Any CPU
		{B0ED4C83-B5D0-4956-935A-1E75C4388A3C}.Debug|Any CPU.ActiveCfg = Debug|Any CPU
		{B0ED4C83-B5D0-4956-935A-1E75C4388A3C}.Debug|Any CPU.Build.0 = Debug|Any CPU
		{B0ED4C83-B5D0-4956-935A-1E75C4388A3C}.Release|Any CPU.ActiveCfg = Release|Any CPU
		{B0ED4C83-B5D0-4956-935A-1E75C4388A3C}.Release|Any CPU.Build.0 = Release|Any CPU
		{474B81D8-63F4-418A-B23E-FD9301990EE4}.Debug|Any CPU.ActiveCfg = Debug|Any CPU
		{474B81D8-63F4-418A-B23E-FD9301990EE4}.Debug|Any CPU.Build.0 = Debug|Any CPU
		{474B81D8-63F4-418A-B23E-FD9301990EE4}.Release|Any CPU.ActiveCfg = Release|Any CPU
		{474B81D8-63F4-418A-B23E-FD9301990EE4}.Release|Any CPU.Build.0 = Release|Any CPU
		{6D05F3C8-858B-45B7-AD43-A64CCE7961C6}.Debug|Any CPU.ActiveCfg = Debug|Any CPU
		{6D05F3C8-858B-45B7-AD43-A64CCE7961C6}.Debug|Any CPU.Build.0 = Debug|Any CPU
		{6D05F3C8-858B-45B7-AD43-A64CCE7961C6}.Release|Any CPU.ActiveCfg = Release|Any CPU
		{6D05F3C8-858B-45B7-AD43-A64CCE7961C6}.Release|Any CPU.Build.0 = Release|Any CPU
	EndGlobalSection
EndGlobal
